<?xml version="1.0" encoding="utf-8"?>
<Project ToolsVersion="4.0" xmlns="http://schemas.microsoft.com/developer/msbuild/2003">
  <ItemGroup>
    <Filter Include="Archivos de recursos">
      <UniqueIdentifier>{67DA6AB6-F800-4c08-8B7A-83BB121AAD01}</UniqueIdentifier>
      <Extensions>rc;ico;cur;bmp;dlg;rc2;rct;bin;rgs;gif;jpg;jpeg;jpe;resx;tiff;tif;png;wav;mfcribbon-ms</Extensions>
    </Filter>
    <Filter Include="gameplay">
      <UniqueIdentifier>{f89c67ae-e7f9-4dc0-9117-66efc6e9b6f3}</UniqueIdentifier>
    </Filter>
    <Filter Include="menu">
      <UniqueIdentifier>{6a69c070-a2cd-40ca-ae41-a99f81a47518}</UniqueIdentifier>
    </Filter>
  </ItemGroup>
  <ItemGroup>
    <ClCompile Include="..\src\main.cpp" />
    <ClCompile Include="..\src\Menu\menu.cpp">
      <Filter>menu</Filter>
    </ClCompile>
    <ClCompile Include="..\src\Gameplay\gameplay.cpp">
      <Filter>gameplay</Filter>
    </ClCompile>
  </ItemGroup>
  <ItemGroup>
    <ClInclude Include="..\src\Menu\menu.h">
      <Filter>menu</Filter>
    </ClInclude>
    <ClInclude Include="..\src\Gameplay\gameplay.h">
      <Filter>gameplay</Filter>
    </ClInclude>
  </ItemGroup>
</Project>